
Microsoft Visual Studio Solution File, Format Version 12.00
# Visual Studio 2012
Project("{FAE04EC0-301F-11D3-BF4B-00C04F79EFBC}") = "vote_ly-api", "vote_ly-api\vote_ly-api.csproj", "{46C9A8D2-AF4C-4C73-BF84-E562FDE2B8CE}"
EndProject
Project("{FAE04EC0-301F-11D3-BF4B-00C04F79EFBC}") = "ModelServices", "ModelServices\ModelServices.csproj", "{66C6141D-CBDE-4137-B808-7924C11E1D90}"
EndProject
Global
	GlobalSection(SolutionConfigurationPlatforms) = preSolution
		Debug|Any CPU = Debug|Any CPU
		Release|Any CPU = Release|Any CPU
	EndGlobalSection
	GlobalSection(ProjectConfigurationPlatforms) = postSolution
		{46C9A8D2-AF4C-4C73-BF84-E562FDE2B8CE}.Debug|Any CPU.ActiveCfg = Debug|Any CPU
		{46C9A8D2-AF4C-4C73-BF84-E562FDE2B8CE}.Debug|Any CPU.Build.0 = Debug|Any CPU
		{46C9A8D2-AF4C-4C73-BF84-E562FDE2B8CE}.Release|Any CPU.ActiveCfg = Release|Any CPU
		{46C9A8D2-AF4C-4C73-BF84-E562FDE2B8CE}.Release|Any CPU.Build.0 = Release|Any CPU
		{66C6141D-CBDE-4137-B808-7924C11E1D90}.Debug|Any CPU.ActiveCfg = Debug|Any CPU
		{66C6141D-CBDE-4137-B808-7924C11E1D90}.Debug|Any CPU.Build.0 = Debug|Any CPU
		{66C6141D-CBDE-4137-B808-7924C11E1D90}.Release|Any CPU.ActiveCfg = Release|Any CPU
		{66C6141D-CBDE-4137-B808-7924C11E1D90}.Release|Any CPU.Build.0 = Release|Any CPU
	EndGlobalSection
	GlobalSection(SolutionProperties) = preSolution
		HideSolutionNode = FALSE
	EndGlobalSection
EndGlobal
